lockfileVersion: '6.0'

settings:
  autoInstallPeers: true
  excludeLinksFromLockfile: false

dependencies:
  discord.js:
    specifier: ^14.13.0
    version: 14.13.0
  dotenv:
    specifier: ^16.3.1
    version: 16.3.1
  mongoose:
    specifier: ^6.11.6
    version: 6.11.6

devDependencies:
  '@types/node':
    specifier: ^20.5.1
    version: 20.5.1
  typescript:
    specifier: ^5.1.6
    version: 5.1.6

packages:

  /@aws-crypto/crc32@3.0.0:
    resolution: {integrity: sha512-IzSgsrxUcsrejQbPVilIKy16kAT52EwB6zSaI+M3xxIhKh5+aldEyvI+z6erM7TCLB2BJsFrtHjp6/4/sr+3dA==}
    requiresBuild: true
    dependencies:
      '@aws-crypto/util': 3.0.0
      '@aws-sdk/types': 3.391.0
      tslib: 1.14.1
    dev: false
    optional: true

  /@aws-crypto/ie11-detection@3.0.0:
    resolution: {integrity: sha512-341lBBkiY1DfDNKai/wXM3aujNBkXR7tq1URPQDL9wi3AUbI80NR74uF1TXHMm7po1AcnFk8iu2S2IeU/+/A+Q==}
    requiresBuild: true
    dependencies:
      tslib: 1.14.1
    dev: false
    optional: true

  /@aws-crypto/sha256-browser@3.0.0:
    resolution: {integrity: sha512-8VLmW2B+gjFbU5uMeqtQM6Nj0/F1bro80xQXCW6CQBWgosFWXTx77aeOF5CAIAmbOK64SdMBJdNr6J41yP5mvQ==}
    requiresBuild: true
    dependencies:
      '@aws-crypto/ie11-detection': 3.0.0
      '@aws-crypto/sha256-js': 3.0.0
      '@aws-crypto/supports-web-crypto': 3.0.0
      '@aws-crypto/util': 3.0.0
      '@aws-sdk/types': 3.391.0
      '@aws-sdk/util-locate-window': 3.310.0
      '@aws-sdk/util-utf8-browser': 3.259.0
      tslib: 1.14.1
    dev: false
    optional: true

  /@aws-crypto/sha256-js@3.0.0:
    resolution: {integrity: sha512-PnNN7os0+yd1XvXAy23CFOmTbMaDxgxXtTKHybrJ39Y8kGzBATgBFibWJKH6BhytLI/Zyszs87xCOBNyBig6vQ==}
    requiresBuild: true
    dependencies:
      '@aws-crypto/util': 3.0.0
      '@aws-sdk/types': 3.391.0
      tslib: 1.14.1
    dev: false
    optional: true

  /@aws-crypto/supports-web-crypto@3.0.0:
    resolution: {integrity: sha512-06hBdMwUAb2WFTuGG73LSC0wfPu93xWwo5vL2et9eymgmu3Id5vFAHBbajVWiGhPO37qcsdCap/FqXvJGJWPIg==}
    requiresBuild: true
    dependencies:
      tslib: 1.14.1
    dev: false
    optional: true

  /@aws-crypto/util@3.0.0:
    resolution: {integrity: sha512-2OJlpeJpCR48CC8r+uKVChzs9Iungj9wkZrl8Z041DWEWvyIHILYKCPNzJghKsivj+S3mLo6BVc7mBNzdxA46w==}
    requiresBuild: true
    dependencies:
      '@aws-sdk/types': 3.391.0
      '@aws-sdk/util-utf8-browser': 3.259.0
      tslib: 1.14.1
    dev: false
    optional: true

  /@aws-sdk/client-cognito-identity@3.395.0:
    resolution: {integrity: sha512-97cOjOzEHWaP8cmf7Q+8QwQiao3Dq+9FmeRpjoNDo0+0cT3TP6gYRqPiHYt3fcfQsk+Nmk88oFUWhz2ibW27gA==}
    engines: {node: '>=14.0.0'}
    requiresBuild: true
    dependencies:
      '@aws-crypto/sha256-browser': 3.0.0
      '@aws-crypto/sha256-js': 3.0.0
      '@aws-sdk/client-sts': 3.395.0
      '@aws-sdk/credential-provider-node': 3.395.0
      '@aws-sdk/middleware-host-header': 3.391.0
      '@aws-sdk/middleware-logger': 3.391.0
      '@aws-sdk/middleware-recursion-detection': 3.391.0
      '@aws-sdk/middleware-signing': 3.391.0
      '@aws-sdk/middleware-user-agent': 3.391.0
      '@aws-sdk/types': 3.391.0
      '@aws-sdk/util-endpoints': 3.391.0
      '@aws-sdk/util-user-agent-browser': 3.391.0
      '@aws-sdk/util-user-agent-node': 3.391.0
      '@smithy/config-resolver': 2.0.4
      '@smithy/fetch-http-handler': 2.0.4
      '@smithy/hash-node': 2.0.4
      '@smithy/invalid-dependency': 2.0.4
      '@smithy/middleware-content-length': 2.0.4
      '@smithy/middleware-endpoint': 2.0.4
      '@smithy/middleware-retry': 2.0.4
      '@smithy/middleware-serde': 2.0.4
      '@smithy/middleware-stack': 2.0.0
      '@smithy/node-config-provider': 2.0.4
      '@smithy/node-http-handler': 2.0.4
      '@smithy/protocol-http': 2.0.4
      '@smithy/smithy-client': 2.0.4
      '@smithy/types': 2.2.1
      '@smithy/url-parser': 2.0.4
      '@smithy/util-base64': 2.0.0
      '@smithy/util-body-length-browser': 2.0.0
      '@smithy/util-body-length-node': 2.0.0
      '@smithy/util-defaults-mode-browser': 2.0.4
      '@smithy/util-defaults-mode-node': 2.0.4
      '@smithy/util-retry': 2.0.0
      '@smithy/util-utf8': 2.0.0
      tslib: 2.5.0
    transitivePeerDependencies:
      - aws-crt
    dev: false
    optional: true

  /@aws-sdk/client-sso@3.395.0:
    resolution: {integrity: sha512-IEmqpZnflzFk6NTlkRpEXIcU2uBrTYl+pA5z4ZerbKclYWuxJ7MoLtLDNWgIn3mkNxvdroWgaPY1B2dkQlTe4g==}
    engines: {node: '>=14.0.0'}
    requiresBuild: true
    dependencies:
      '@aws-crypto/sha256-browser': 3.0.0
      '@aws-crypto/sha256-js': 3.0.0
      '@aws-sdk/middleware-host-header': 3.391.0
      '@aws-sdk/middleware-logger': 3.391.0
      '@aws-sdk/middleware-recursion-detection': 3.391.0
      '@aws-sdk/middleware-user-agent': 3.391.0
      '@aws-sdk/types': 3.391.0
      '@aws-sdk/util-endpoints': 3.391.0
      '@aws-sdk/util-user-agent-browser': 3.391.0
      '@aws-sdk/util-user-agent-node': 3.391.0
      '@smithy/config-resolver': 2.0.4
      '@smithy/fetch-http-handler': 2.0.4
      '@smithy/hash-node': 2.0.4
      '@smithy/invalid-dependency': 2.0.4
      '@smithy/middleware-content-length': 2.0.4
      '@smithy/middleware-endpoint': 2.0.4
      '@smithy/middleware-retry': 2.0.4
      '@smithy/middleware-serde': 2.0.4
      '@smithy/middleware-stack': 2.0.0
      '@smithy/node-config-provider': 2.0.4
      '@smithy/node-http-handler': 2.0.4
      '@smithy/protocol-http': 2.0.4
      '@smithy/smithy-client': 2.0.4
      '@smithy/types': 2.2.1
      '@smithy/url-parser': 2.0.4
      '@smithy/util-base64': 2.0.0
      '@smithy/util-body-length-browser': 2.0.0
      '@smithy/util-body-length-node': 2.0.0
      '@smithy/util-defaults-mode-browser': 2.0.4
      '@smithy/util-defaults-mode-node': 2.0.4
      '@smithy/util-retry': 2.0.0
      '@smithy/util-utf8': 2.0.0
      tslib: 2.5.0
    transitivePeerDependencies:
      - aws-crt
    dev: false
    optional: true

  /@aws-sdk/client-sts@3.395.0:
    resolution: {integrity: sha512-zWxZ+pjeP88uRN4k0Zzid6t/8Yhzg1Cv2LnrYX6kZzbS6AOTDho7fVGZgUl+cme33QZhtE8pXUvwGeJAptbhqg==}
    engines: {node: '>=14.0.0'}
    requiresBuild: true
    dependencies:
      '@aws-crypto/sha256-browser': 3.0.0
      '@aws-crypto/sha256-js': 3.0.0
      '@aws-sdk/credential-provider-node': 3.395.0
      '@aws-sdk/middleware-host-header': 3.391.0
      '@aws-sdk/middleware-logger': 3.391.0
      '@aws-sdk/middleware-recursion-detection': 3.391.0
      '@aws-sdk/middleware-sdk-sts': 3.391.0
      '@aws-sdk/middleware-signing': 3.391.0
      '@aws-sdk/middleware-user-agent': 3.391.0
      '@aws-sdk/types': 3.391.0
      '@aws-sdk/util-endpoints': 3.391.0
      '@aws-sdk/util-user-agent-browser': 3.391.0
      '@aws-sdk/util-user-agent-node': 3.391.0
      '@smithy/config-resolver': 2.0.4
      '@smithy/fetch-http-handler': 2.0.4
      '@smithy/hash-node': 2.0.4
      '@smithy/invalid-dependency': 2.0.4
      '@smithy/middleware-content-length': 2.0.4
      '@smithy/middleware-endpoint': 2.0.4
      '@smithy/middleware-retry': 2.0.4
      '@smithy/middleware-serde': 2.0.4
      '@smithy/middleware-stack': 2.0.0
      '@smithy/node-config-provider': 2.0.4
      '@smithy/node-http-handler': 2.0.4
      '@smithy/protocol-http': 2.0.4
      '@smithy/smithy-client': 2.0.4
      '@smithy/types': 2.2.1
      '@smithy/url-parser': 2.0.4
      '@smithy/util-base64': 2.0.0
      '@smithy/util-body-length-browser': 2.0.0
      '@smithy/util-body-length-node': 2.0.0
      '@smithy/util-defaults-mode-browser': 2.0.4
      '@smithy/util-defaults-mode-node': 2.0.4
      '@smithy/util-retry': 2.0.0
      '@smithy/util-utf8': 2.0.0
      fast-xml-parser: 4.2.5
      tslib: 2.5.0
    transitivePeerDependencies:
      - aws-crt
    dev: false
    optional: true

  /@aws-sdk/credential-provider-cognito-identity@3.395.0:
    resolution: {integrity: sha512-aRsDf4HO9ek6REmadAcY8MuwprNDHyYASFuc4YtbbmkH90jVhyz70e7PGCmDpcJZN2lLTV8tcZeWmKXcvMwq/A==}
    engines: {node: '>=14.0.0'}
    requiresBuild: true
    dependencies:
      '@aws-sdk/client-cognito-identity': 3.395.0
      '@aws-sdk/types': 3.391.0
      '@smithy/property-provider': 2.0.4
      '@smithy/types': 2.2.1
      tslib: 2.5.0
    transitivePeerDependencies:
      - aws-crt
    dev: false
    optional: true

  /@aws-sdk/credential-provider-env@3.391.0:
    resolution: {integrity: sha512-mAzICedcg4bfL0mM5O6QTd9mQ331NLse1DMr6XL21ZZiLB48ej19L7AGV2xq5QwVbqKU3IVv1myRyhvpDM9jMg==}
    engines: {node: '>=14.0.0'}
    requiresBuild: true
    dependencies:
      '@aws-sdk/types': 3.391.0
      '@smithy/property-provider': 2.0.4
      '@smithy/types': 2.2.1
      tslib: 2.5.0
    dev: false
    optional: true

  /@aws-sdk/credential-provider-ini@3.395.0:
    resolution: {integrity: sha512-t7cWs+syJsSkj9NGdKyZ1t/+nYQyOec2nPjTtPWwKs8D7rvH3IMIgJwkvAGNzYaiIoIpXXx0wgCqys84TSEIYQ==}
    engines: {node: '>=14.0.0'}
    requiresBuild: true
    dependencies:
      '@aws-sdk/credential-provider-env': 3.391.0
      '@aws-sdk/credential-provider-process': 3.391.0
      '@aws-sdk/credential-provider-sso': 3.395.0
      '@aws-sdk/credential-provider-web-identity': 3.391.0
      '@aws-sdk/types': 3.391.0
      '@smithy/credential-provider-imds': 2.0.4
      '@smithy/property-provider': 2.0.4
      '@smithy/shared-ini-file-loader': 2.0.4
      '@smithy/types': 2.2.1
      tslib: 2.5.0
    transitivePeerDependencies:
      - aws-crt
    dev: false
    optional: true

  /@aws-sdk/credential-provider-node@3.395.0:
    resolution: {integrity: sha512-qJawWTYf5L7Z1Is0sSJEYc4e96Qd0HWGqluO2h9qoUNrRREZ9RSxsDq+LGxVVAYLupYFcIFtiCnA/MoBBIWhzg==}
    engines: {node: '>=14.0.0'}
    requiresBuild: true
    dependencies:
      '@aws-sdk/credential-provider-env': 3.391.0
      '@aws-sdk/credential-provider-ini': 3.395.0
      '@aws-sdk/credential-provider-process': 3.391.0
      '@aws-sdk/credential-provider-sso': 3.395.0
      '@aws-sdk/credential-provider-web-identity': 3.391.0
      '@aws-sdk/types': 3.391.0
      '@smithy/credential-provider-imds': 2.0.4
      '@smithy/property-provider': 2.0.4
      '@smithy/shared-ini-file-loader': 2.0.4
      '@smithy/types': 2.2.1
      tslib: 2.5.0
    transitivePeerDependencies:
      - aws-crt
    dev: false
    optional: true

  /@aws-sdk/credential-provider-process@3.391.0:
    resolution: {integrity: sha512-KMlzPlBI+hBmXDo+EoFZdLgCVRkRa9B9iEE6x0+hQQ6g9bW6HI7cDRVdceR1ZoPasSaNAZ9QOXMTIBxTpn0sPQ==}
    engines: {node: '>=14.0.0'}
    requiresBuild: true
    dependencies:
      '@aws-sdk/types': 3.391.0
      '@smithy/property-provider': 2.0.4
      '@smithy/shared-ini-file-loader': 2.0.4
      '@smithy/types': 2.2.1
      tslib: 2.5.0
    dev: false
    optional: true

  /@aws-sdk/credential-provider-sso@3.395.0:
    resolution: {integrity: sha512-wAoHG9XqO0L8TvJv4cjwN/2XkYskp0cbnupKKTJm+D29MYcctKEtL0aYOHxaNN2ECAYxIFIQDdlo62GKb3nJ5Q==}
    engines: {node: '>=14.0.0'}
    requiresBuild: true
    dependencies:
      '@aws-sdk/client-sso': 3.395.0
      '@aws-sdk/token-providers': 3.391.0
      '@aws-sdk/types': 3.391.0
      '@smithy/property-provider': 2.0.4
      '@smithy/shared-ini-file-loader': 2.0.4
      '@smithy/types': 2.2.1
      tslib: 2.5.0
    transitivePeerDependencies:
      - aws-crt
    dev: false
    optional: true

  /@aws-sdk/credential-provider-web-identity@3.391.0:
    resolution: {integrity: sha512-n0vYg82B8bc4rxKltVbVqclev7hx+elyS9pEnZs3YbnbWJq0qqsznXmDfLqd1TcWpa09PGXcah0nsRDolVThsA==}
    engines: {node: '>=14.0.0'}
    requiresBuild: true
    dependencies:
      '@aws-sdk/types': 3.391.0
      '@smithy/property-provider': 2.0.4
      '@smithy/types': 2.2.1
      tslib: 2.5.0
    dev: false
    optional: true

  /@aws-sdk/credential-providers@3.395.0:
    resolution: {integrity: sha512-V4oYeXdjjgdQGGYqIXbA1XbnHvAJWni5caEq0zWJdIm9f0JCOQUZBCq5Gkv0ptiUc+GP8U+nzAmweTmYYOMVmg==}
    engines: {node: '>=14.0.0'}
    requiresBuild: true
    dependencies:
      '@aws-sdk/client-cognito-identity': 3.395.0
      '@aws-sdk/client-sso': 3.395.0
      '@aws-sdk/client-sts': 3.395.0
      '@aws-sdk/credential-provider-cognito-identity': 3.395.0
      '@aws-sdk/credential-provider-env': 3.391.0
      '@aws-sdk/credential-provider-ini': 3.395.0
      '@aws-sdk/credential-provider-node': 3.395.0
      '@aws-sdk/credential-provider-process': 3.391.0
      '@aws-sdk/credential-provider-sso': 3.395.0
      '@aws-sdk/credential-provider-web-identity': 3.391.0
      '@aws-sdk/types': 3.391.0
      '@smithy/credential-provider-imds': 2.0.4
      '@smithy/property-provider': 2.0.4
      '@smithy/types': 2.2.1
      tslib: 2.5.0
    transitivePeerDependencies:
      - aws-crt
    dev: false
    optional: true

  /@aws-sdk/middleware-host-header@3.391.0:
    resolution: {integrity: sha512-+nyNr0rb2ixY7mU48nibr7L7gsw37y4oELhqgnNKhcjZDJ34imBwKIMFa64n21FdftmhcjR8IdSpzXE9xrkJ8g==}
    engines: {node: '>=14.0.0'}
    requiresBuild: true
    dependencies:
      '@aws-sdk/types': 3.391.0
      '@smithy/protocol-http': 2.0.4
      '@smithy/types': 2.2.1
      tslib: 2.5.0
    dev: false
    optional: true

  /@aws-sdk/middleware-logger@3.391.0:
    resolution: {integrity: sha512-KOwl5zo16b17JDhqILHBStccBQ2w35em7+/6vdkJdUII6OU8aVIFTlIQT9wOUvd4do6biIRBMZG3IK0Rg7mRDQ==}
    engines: {node: '>=14.0.0'}
    requiresBuild: true
    dependencies:
      '@aws-sdk/types': 3.391.0
      '@smithy/types': 2.2.1
      tslib: 2.5.0
    dev: false
    optional: true

  /@aws-sdk/middleware-recursion-detection@3.391.0:
    resolution: {integrity: sha512-hVR3z59G7pX4pjDQs9Ag1tMgbLeGXOzeAAaNP9fEtHSd3KBMAGQgN3K3b9WPjzE2W0EoloHRJMK4qxZErdde2g==}
    engines: {node: '>=14.0.0'}
    requiresBuild: true
    dependencies:
      '@aws-sdk/types': 3.391.0
      '@smithy/protocol-http': 2.0.4
      '@smithy/types': 2.2.1
      tslib: 2.5.0
    dev: false
    optional: true

  /@aws-sdk/middleware-sdk-sts@3.391.0:
    resolution: {integrity: sha512-6ZXI3Z4QU+TnT5PwKWloGmRHG81tWeI18/zxf9wWzrO2NhYFvITzEJH0vWLLiXdWtn/BYfLULXtDvkTaepbI5A==}
    engines: {node: '>=14.0.0'}
    requiresBuild: true
    dependencies:
      '@aws-sdk/middleware-signing': 3.391.0
      '@aws-sdk/types': 3.391.0
      '@smithy/types': 2.2.1
      tslib: 2.5.0
    dev: false
    optional: true

  /@aws-sdk/middleware-signing@3.391.0:
    resolution: {integrity: sha512-2pAJJlZqaHc0d+cz2FTVrQmWi8ygKfqfczHUo/loCtOaMNtWXBHb/JsLEecs6cXdizy6gi3YsLz6VZYwY4Ssxw==}
    engines: {node: '>=14.0.0'}
    requiresBuild: true
    dependencies:
      '@aws-sdk/types': 3.391.0
      '@smithy/property-provider': 2.0.4
      '@smithy/protocol-http': 2.0.4
      '@smithy/signature-v4': 2.0.4
      '@smithy/types': 2.2.1
      '@smithy/util-middleware': 2.0.0
      tslib: 2.5.0
    dev: false
    optional: true

  /@aws-sdk/middleware-user-agent@3.391.0:
    resolution: {integrity: sha512-LdK9uMNA14zqRw3B79Mhy7GX36qld/GYo93xuu+lr+AQ98leZEdc6GUbrtNDI3fP1Z8TMQcyHUKBml4/B+wXpQ==}
    engines: {node: '>=14.0.0'}
    requiresBuild: true
    dependencies:
      '@aws-sdk/types': 3.391.0
      '@aws-sdk/util-endpoints': 3.391.0
      '@smithy/protocol-http': 2.0.4
      '@smithy/types': 2.2.1
      tslib: 2.5.0
    dev: false
    optional: true

  /@aws-sdk/token-providers@3.391.0:
    resolution: {integrity: sha512-kgfArsKLDJE71qQjfXiHiM5cZqgDHlMsqEx35+A65GmTWJaS1PGDqu3ZvVVU8E5mxnCCLw7vho21fsjvH6TBpg==}
    engines: {node: '>=14.0.0'}
    requiresBuild: true
    dependencies:
      '@aws-crypto/sha256-browser': 3.0.0
      '@aws-crypto/sha256-js': 3.0.0
      '@aws-sdk/middleware-host-header': 3.391.0
      '@aws-sdk/middleware-logger': 3.391.0
      '@aws-sdk/middleware-recursion-detection': 3.391.0
      '@aws-sdk/middleware-user-agent': 3.391.0
      '@aws-sdk/types': 3.391.0
      '@aws-sdk/util-endpoints': 3.391.0
      '@aws-sdk/util-user-agent-browser': 3.391.0
      '@aws-sdk/util-user-agent-node': 3.391.0
      '@smithy/config-resolver': 2.0.4
      '@smithy/fetch-http-handler': 2.0.4
      '@smithy/hash-node': 2.0.4
      '@smithy/invalid-dependency': 2.0.4
      '@smithy/middleware-content-length': 2.0.4
      '@smithy/middleware-endpoint': 2.0.4
      '@smithy/middleware-retry': 2.0.4
      '@smithy/middleware-serde': 2.0.4
      '@smithy/middleware-stack': 2.0.0
      '@smithy/node-config-provider': 2.0.4
      '@smithy/node-http-handler': 2.0.4
      '@smithy/property-provider': 2.0.4
      '@smithy/protocol-http': 2.0.4
      '@smithy/shared-ini-file-loader': 2.0.4
      '@smithy/smithy-client': 2.0.4
      '@smithy/types': 2.2.1
      '@smithy/url-parser': 2.0.4
      '@smithy/util-base64': 2.0.0
      '@smithy/util-body-length-browser': 2.0.0
      '@smithy/util-body-length-node': 2.0.0
      '@smithy/util-defaults-mode-browser': 2.0.4
      '@smithy/util-defaults-mode-node': 2.0.4
      '@smithy/util-retry': 2.0.0
      '@smithy/util-utf8': 2.0.0
      tslib: 2.5.0
    transitivePeerDependencies:
      - aws-crt
    dev: false
    optional: true

  /@aws-sdk/types@3.391.0:
    resolution: {integrity: sha512-QpYVFKMOnzHz/JMj/b8wb18qxiT92U/5r5MmtRz2R3LOH6ooTO96k4ozXCrYr0qNed1PAnOj73rPrrH2wnCJKQ==}
    engines: {node: '>=14.0.0'}
    requiresBuild: true
    dependencies:
      '@smithy/types': 2.2.1
      tslib: 2.5.0
    dev: false
    optional: true

  /@aws-sdk/util-endpoints@3.391.0:
    resolution: {integrity: sha512-zv4sYDTQhNxyLoekcE02/nk3xvoo6yCHDy1kDJk0MFxOKaqUB+CvZdQBR4YBLSDlD4o4DUBmdYgKT58FfbM8sQ==}
    engines: {node: '>=14.0.0'}
    requiresBuild: true
    dependencies:
      '@aws-sdk/types': 3.391.0
      tslib: 2.5.0
    dev: false
    optional: true

  /@aws-sdk/util-locate-window@3.310.0:
    resolution: {integrity: sha512-qo2t/vBTnoXpjKxlsC2e1gBrRm80M3bId27r0BRB2VniSSe7bL1mmzM+/HFtujm0iAxtPM+aLEflLJlJeDPg0w==}
    engines: {node: '>=14.0.0'}
    requiresBuild: true
    dependencies:
      tslib: 2.5.0
    dev: false
    optional: true

  /@aws-sdk/util-user-agent-browser@3.391.0:
    resolution: {integrity: sha512-6ipHOB1WdCBNeAMJauN7l2qNE0WLVaTNhkD290/ElXm1FHGTL8yw6lIDIjhIFO1bmbZxDiKApwDiG7ROhaJoxQ==}
    requiresBuild: true
    dependencies:
      '@aws-sdk/types': 3.391.0
      '@smithy/types': 2.2.1
      bowser: 2.11.0
      tslib: 2.5.0
    dev: false
    optional: true

  /@aws-sdk/util-user-agent-node@3.391.0:
    resolution: {integrity: sha512-PVvAK/Lf4BdB1eJIZtyFpGSslGQwKpYt9/hKs5NlR+qxBMXU9T0DnTqH4GiXZaazvXr7OUVWitIF2b7iKBMTow==}
    engines: {node: '>=14.0.0'}
    requiresBuild: true
    peerDependencies:
      aws-crt: '>=1.0.0'
    peerDependenciesMeta:
      aws-crt:
        optional: true
    dependencies:
      '@aws-sdk/types': 3.391.0
      '@smithy/node-config-provider': 2.0.4
      '@smithy/types': 2.2.1
      tslib: 2.5.0
    dev: false
    optional: true

  /@aws-sdk/util-utf8-browser@3.259.0:
    resolution: {integrity: sha512-UvFa/vR+e19XookZF8RzFZBrw2EUkQWxiBW0yYQAhvk3C+QVGl0H3ouca8LDBlBfQKXwmW3huo/59H8rwb1wJw==}
    requiresBuild: true
    dependencies:
      tslib: 2.5.0
    dev: false
    optional: true

  /@discordjs/builders@1.6.5:
    resolution: {integrity: sha512-SdweyCs/+mHj+PNhGLLle7RrRFX9ZAhzynHahMCLqp5Zeq7np7XC6/mgzHc79QoVlQ1zZtOkTTiJpOZu5V8Ufg==}
    engines: {node: '>=16.11.0'}
    dependencies:
      '@discordjs/formatters': 0.3.2
      '@discordjs/util': 1.0.1
      '@sapphire/shapeshift': 3.9.2
      discord-api-types: 0.37.50
      fast-deep-equal: 3.1.3
      ts-mixer: 6.0.3
      tslib: 2.6.2
    dev: false

  /@discordjs/collection@1.5.3:
    resolution: {integrity: sha512-SVb428OMd3WO1paV3rm6tSjM4wC+Kecaa1EUGX7vc6/fddvw/6lg90z4QtCqm21zvVe92vMMDt9+DkIvjXImQQ==}
    engines: {node: '>=16.11.0'}
    dev: false

  /@discordjs/formatters@0.3.2:
    resolution: {integrity: sha512-lE++JZK8LSSDRM5nLjhuvWhGuKiXqu+JZ/DsOR89DVVia3z9fdCJVcHF2W/1Zxgq0re7kCzmAJlCMMX3tetKpA==}
    engines: {node: '>=16.11.0'}
    dependencies:
      discord-api-types: 0.37.50
    dev: false

  /@discordjs/rest@2.0.1:
    resolution: {integrity: sha512-/eWAdDRvwX/rIE2tuQUmKaxmWeHmGealttIzGzlYfI4+a7y9b6ZoMp8BG/jaohs8D8iEnCNYaZiOFLVFLQb8Zg==}
    engines: {node: '>=16.11.0'}
    dependencies:
      '@discordjs/collection': 1.5.3
      '@discordjs/util': 1.0.1
      '@sapphire/async-queue': 1.5.0
      '@sapphire/snowflake': 3.5.1
      '@vladfrangu/async_event_emitter': 2.2.2
      discord-api-types: 0.37.50
      magic-bytes.js: 1.0.15
      tslib: 2.6.2
      undici: 5.22.1
    dev: false

  /@discordjs/util@1.0.1:
    resolution: {integrity: sha512-d0N2yCxB8r4bn00/hvFZwM7goDcUhtViC5un4hPj73Ba4yrChLSJD8fy7Ps5jpTLg1fE9n4K0xBLc1y9WGwSsA==}
    engines: {node: '>=16.11.0'}
    dev: false

  /@discordjs/ws@1.0.1:
    resolution: {integrity: sha512-avvAolBqN3yrSvdBPcJ/0j2g42ABzrv3PEL76e3YTp2WYMGH7cuspkjfSyNWaqYl1J+669dlLp+YFMxSVQyS5g==}
    engines: {node: '>=16.11.0'}
    dependencies:
      '@discordjs/collection': 1.5.3
      '@discordjs/rest': 2.0.1
      '@discordjs/util': 1.0.1
      '@sapphire/async-queue': 1.5.0
      '@types/ws': 8.5.5
      '@vladfrangu/async_event_emitter': 2.2.2
      discord-api-types: 0.37.50
      tslib: 2.6.2
      ws: 8.13.0
    transitivePeerDependencies:
      - bufferutil
      - utf-8-validate
    dev: false

  /@sapphire/async-queue@1.5.0:
    resolution: {integrity: sha512-JkLdIsP8fPAdh9ZZjrbHWR/+mZj0wvKS5ICibcLrRI1j84UmLMshx5n9QmL8b95d4onJ2xxiyugTgSAX7AalmA==}
    engines: {node: '>=v14.0.0', npm: '>=7.0.0'}
    dev: false

  /@sapphire/shapeshift@3.9.2:
    resolution: {integrity: sha512-YRbCXWy969oGIdqR/wha62eX8GNHsvyYi0Rfd4rNW6tSVVa8p0ELiMEuOH/k8rgtvRoM+EMV7Csqz77YdwiDpA==}
    engines: {node: '>=v14.0.0', npm: '>=7.0.0'}
    dependencies:
      fast-deep-equal: 3.1.3
      lodash: 4.17.21
    dev: false

  /@sapphire/snowflake@3.5.1:
    resolution: {integrity: sha512-BxcYGzgEsdlG0dKAyOm0ehLGm2CafIrfQTZGWgkfKYbj+pNNsorZ7EotuZukc2MT70E0UbppVbtpBrqpzVzjNA==}
    engines: {node: '>=v14.0.0', npm: '>=7.0.0'}
    dev: false

  /@smithy/abort-controller@2.0.4:
    resolution: {integrity: sha512-3+3/xRQ0K/NFVtKSiTGsUa3muZnVaBmHrLNgxwoBLZO9rNhwZtjjjf7pFJ6aoucoul/c/w3xobRkgi8F9MWX8Q==}
    engines: {node: '>=14.0.0'}
    requiresBuild: true
    dependencies:
      '@smithy/types': 2.2.1
      tslib: 2.5.0
    dev: false
    optional: true

  /@smithy/config-resolver@2.0.4:
    resolution: {integrity: sha512-JtKWIKoCFeOY5JGQeEl81AKdIpzeLLSjSMmO5yoKqc58Yn3cxmteylT6Elba3FgAHjK1OthARRXz5JXaKKRB7g==}
    engines: {node: '>=14.0.0'}
    requiresBuild: true
    dependencies:
      '@smithy/types': 2.2.1
      '@smithy/util-config-provider': 2.0.0
      '@smithy/util-middleware': 2.0.0
      tslib: 2.5.0
    dev: false
    optional: true

  /@smithy/credential-provider-imds@2.0.4:
    resolution: {integrity: sha512-vW7xoDKZwjjf/2GCwVf/uvZce/QJOAYan9r8UsqlzOrnnpeS2ffhxeZjLK0/emZu8n6qU3amGgZ/BTo3oVtEyQ==}
    engines: {node: '>=14.0.0'}
    requiresBuild: true
    dependencies:
      '@smithy/node-config-provider': 2.0.4
      '@smithy/property-provider': 2.0.4
      '@smithy/types': 2.2.1
      '@smithy/url-parser': 2.0.4
      tslib: 2.5.0
    dev: false
    optional: true

  /@smithy/eventstream-codec@2.0.4:
    resolution: {integrity: sha512-DkVLcQjhOxPj/4pf2hNj2kvOeoLczirHe57g7czMNJCUBvg9cpU9hNgqS37Y5sjdEtMSa2oTyCS5oeHZtKgoIw==}
    requiresBuild: true
    dependencies:
      '@aws-crypto/crc32': 3.0.0
      '@smithy/types': 2.2.1
      '@smithy/util-hex-encoding': 2.0.0
      tslib: 2.5.0
    dev: false
    optional: true

  /@smithy/fetch-http-handler@2.0.4:
    resolution: {integrity: sha512-1dwR8T+QMe5Gs60NpZgF7ReZp0SXz1O/aX5BdDhsOJh72fi3Bx2UZlDihCdb++9vPyBRMXFRF7I8/C4x8iIm8A==}
    requiresBuild: true
    dependencies:
      '@smithy/protocol-http': 2.0.4
      '@smithy/querystring-builder': 2.0.4
      '@smithy/types': 2.2.1
      '@smithy/util-base64': 2.0.0
      tslib: 2.5.0
    dev: false
    optional: true

  /@smithy/hash-node@2.0.4:
    resolution: {integrity: sha512-vZ6a/fvEAFJKNtxJsn0I2WM8uBdypLLhLTpP4BA6fRsBAtwIl5S4wTt0Hspy6uGNn/74LmCxGmFSTMMbSd7ZDA==}
    engines: {node: '>=14.0.0'}
    requiresBuild: true
    dependencies:
      '@smithy/types': 2.2.1
      '@smithy/util-buffer-from': 2.0.0
      '@smithy/util-utf8': 2.0.0
      tslib: 2.5.0
    dev: false
    optional: true

  /@smithy/invalid-dependency@2.0.4:
    resolution: {integrity: sha512-zfbPPZFiZvhIXJYKlzQwDUnxmWK/SmyDcM6iQJRZHU2jQZAzhHUXFGIu2lKH9L02VUqysOgQi3S/HY4fhrVT8w==}
    requiresBuild: true
    dependencies:
      '@smithy/types': 2.2.1
      tslib: 2.5.0
    dev: false
    optional: true

  /@smithy/is-array-buffer@2.0.0:
    resolution: {integrity: sha512-z3PjFjMyZNI98JFRJi/U0nGoLWMSJlDjAW4QUX2WNZLas5C0CmVV6LJ01JI0k90l7FvpmixjWxPFmENSClQ7ug==}
    engines: {node: '>=14.0.0'}
    requiresBuild: true
    dependencies:
      tslib: 2.5.0
    dev: false
    optional: true

  /@smithy/middleware-content-length@2.0.4:
    resolution: {integrity: sha512-Pdd+fhRbvizqsgYJ0pLWE6hjhq42wDFWzMj/1T7mEY9tG9bP6/AcdsQK8SAOckrBLURDoeSqTAwPKalsgcZBxw==}
    engines: {node: '>=14.0.0'}
    requiresBuild: true
    dependencies:
      '@smithy/protocol-http': 2.0.4
      '@smithy/types': 2.2.1
      tslib: 2.5.0
    dev: false
    optional: true

  /@smithy/middleware-endpoint@2.0.4:
    resolution: {integrity: sha512-aLPqkqKjZQ1V718P0Ostpp53nWfwK32uD0HFKSAOT25RvL285dqzGl0PAKDXpyLsPsPmHe0Yrg0AUFkRv4CRbQ==}
    engines: {node: '>=14.0.0'}
    requiresBuild: true
    dependencies:
      '@smithy/middleware-serde': 2.0.4
      '@smithy/types': 2.2.1
      '@smithy/url-parser': 2.0.4
      '@smithy/util-middleware': 2.0.0
      tslib: 2.5.0
    dev: false
    optional: true

  /@smithy/middleware-retry@2.0.4:
    resolution: {integrity: sha512-stozO6NgH9W/OSfFMOJEtlJCsnJFSoGyV4LHzIVQeXTzZ2RHjmytQ/Ez7GngHGZ1YsB4zxE1qDTXAU0AlaKf2w==}
    engines: {node: '>=14.0.0'}
    requiresBuild: true
    dependencies:
      '@smithy/protocol-http': 2.0.4
      '@smithy/service-error-classification': 2.0.0
      '@smithy/types': 2.2.1
      '@smithy/util-middleware': 2.0.0
      '@smithy/util-retry': 2.0.0
      tslib: 2.5.0
      uuid: 8.3.2
    dev: false
    optional: true

  /@smithy/middleware-serde@2.0.4:
    resolution: {integrity: sha512-oDttJMMES7yXmopjQHnqTkxu8vZOdjB9VpSj94Ff4/GXdKQH7ozKLNIPq4C568nbeQbBt/gsLb6Ttbx1+j+JPQ==}
    engines: {node: '>=14.0.0'}
    requiresBuild: true
    dependencies:
      '@smithy/types': 2.2.1
      tslib: 2.5.0
    dev: false
    optional: true

  /@smithy/middleware-stack@2.0.0:
    resolution: {integrity: sha512-31XC1xNF65nlbc16yuh3wwTudmqs6qy4EseQUGF8A/p2m/5wdd/cnXJqpniy/XvXVwkHPz/GwV36HqzHtIKATQ==}
    engines: {node: '>=14.0.0'}
    requiresBuild: true
    dependencies:
      tslib: 2.5.0
    dev: false
    optional: true

  /@smithy/node-config-provider@2.0.4:
    resolution: {integrity: sha512-s9O90cEhkpzZulvdHBBaroZ6AJ5uV6qtmycgYKP1yOCSfPHGIWYwaULdbfxraUsvzCcnMosDNkfckqXYoKI6jw==}
    engines: {node: '>=14.0.0'}
    requiresBuild: true
    dependencies:
      '@smithy/property-provider': 2.0.4
      '@smithy/shared-ini-file-loader': 2.0.4
      '@smithy/types': 2.2.1
      tslib: 2.5.0
    dev: false
    optional: true

  /@smithy/node-http-handler@2.0.4:
    resolution: {integrity: sha512-svqeqkGgQz1B2m3IurHtp1O8vfuUGbqw6vynFmOrvPirRdiIPukHTZW1GN/JuBCtDpq9mNPutSVipfz2n4sZbQ==}
    engines: {node: '>=14.0.0'}
    requiresBuild: true
    dependencies:
      '@smithy/abort-controller': 2.0.4
      '@smithy/protocol-http': 2.0.4
      '@smithy/querystring-builder': 2.0.4
      '@smithy/types': 2.2.1
      tslib: 2.5.0
    dev: false
    optional: true

  /@smithy/property-provider@2.0.4:
    resolution: {integrity: sha512-OfaUIhnyvOkuCPHWMPkJqX++dUaDKsiZWuZqCdU04Z9dNAl2TtZAh7dw2rsZGb57vq6YH3PierNrDfQJTAKYtg==}
    engines: {node: '>=14.0.0'}
    requiresBuild: true
    dependencies:
      '@smithy/types': 2.2.1
      tslib: 2.5.0
    dev: false
    optional: true

  /@smithy/protocol-http@2.0.4:
    resolution: {integrity: sha512-I1vCZ/m1U424gA9TXkL/pJ3HlRfujY8+Oj3GfDWcrNiWVmAeyx3CTvXw+yMHp2X01BOOu5fnyAa6JwAn1O+txA==}
    engines: {node: '>=14.0.0'}
    requiresBuild: true
    dependencies:
      '@smithy/types': 2.2.1
      tslib: 2.5.0
    dev: false
    optional: true

  /@smithy/querystring-builder@2.0.4:
    resolution: {integrity: sha512-Jc7UPx1pNeisYcABkoo2Pn4kvomy1UI7uxv7R+1W3806KMAKgYHutWmZG01aPHu2XH0zY2RF2KfGiuialsxHvA==}
    engines: {node: '>=14.0.0'}
    requiresBuild: true
    dependencies:
      '@smithy/types': 2.2.1
      '@smithy/util-uri-escape': 2.0.0
      tslib: 2.5.0
    dev: false
    optional: true

  /@smithy/querystring-parser@2.0.4:
    resolution: {integrity: sha512-Uh6+PhGxSo17qe2g/JlyoekvTHKn7dYWfmHqUzPAvkW+dHlc3DNVG3++PV48z33lCo5YDVBBturWQ9N/TKn+EA==}
    engines: {node: '>=14.0.0'}
    requiresBuild: true
    dependencies:
      '@smithy/types': 2.2.1
      tslib: 2.5.0
    dev: false
    optional: true

  /@smithy/service-error-classification@2.0.0:
    resolution: {integrity: sha512-2z5Nafy1O0cTf69wKyNjGW/sNVMiqDnb4jgwfMG8ye8KnFJ5qmJpDccwIbJNhXIfbsxTg9SEec2oe1cexhMJvw==}
    engines: {node: '>=14.0.0'}
    requiresBuild: true
    dev: false
    optional: true

  /@smithy/shared-ini-file-loader@2.0.4:
    resolution: {integrity: sha512-091yneupXnSqvAU+vLG7h0g4QRRO6TjulpECXYVU6yW/LiNp7QE533DBpaphmbtI6tTC4EfGrhn35gTa0w+GQg==}
    engines: {node: '>=14.0.0'}
    requiresBuild: true
    dependencies:
      '@smithy/types': 2.2.1
      tslib: 2.5.0
    dev: false
    optional: true

  /@smithy/signature-v4@2.0.4:
    resolution: {integrity: sha512-y2xblkS0hb44QJDn9YjPp5aRFYSiI7w0bI3tATE3ybOrII2fppqD0SE3zgvew/B/3rTunuiCW+frTD0W4UYb9Q==}
    engines: {node: '>=14.0.0'}
    requiresBuild: true
    dependencies:
      '@smithy/eventstream-codec': 2.0.4
      '@smithy/is-array-buffer': 2.0.0
      '@smithy/types': 2.2.1
      '@smithy/util-hex-encoding': 2.0.0
      '@smithy/util-middleware': 2.0.0
      '@smithy/util-uri-escape': 2.0.0
      '@smithy/util-utf8': 2.0.0
      tslib: 2.5.0
    dev: false
    optional: true

  /@smithy/smithy-client@2.0.4:
    resolution: {integrity: sha512-Dg1dkqyj3jwa03RFs6E4ASmfQ7CjplbGISJIJNSt3F8NfIid2RalbeCMOIHK7VagKh9qngZNyoKxObZC9LB9Lg==}
    engines: {node: '>=14.0.0'}
    requiresBuild: true
    dependencies:
      '@smithy/middleware-stack': 2.0.0
      '@smithy/types': 2.2.1
      '@smithy/util-stream': 2.0.4
      tslib: 2.5.0
    dev: false
    optional: true

  /@smithy/types@2.2.1:
    resolution: {integrity: sha512-6nyDOf027ZeJiQVm6PXmLm7dR+hR2YJUkr4VwUniXA8xZUGAu5Mk0zfx2BPFrt+e5YauvlIqQoH0CsrM4tLkfg==}
    engines: {node: '>=14.0.0'}
    requiresBuild: true
    dependencies:
      tslib: 2.5.0
    dev: false
    optional: true

  /@smithy/url-parser@2.0.4:
    resolution: {integrity: sha512-puIQ6+TJpI2AAPw7IGdGG6d2DEcVP5nJqa1VjrxzUcy2Jx7LtGn+gDHY2o9Pc9vQkmoicovTEKgvv7CdqP+0gg==}
    requiresBuild: true
    dependencies:
      '@smithy/querystring-parser': 2.0.4
      '@smithy/types': 2.2.1
      tslib: 2.5.0
    dev: false
    optional: true

  /@smithy/util-base64@2.0.0:
    resolution: {integrity: sha512-Zb1E4xx+m5Lud8bbeYi5FkcMJMnn+1WUnJF3qD7rAdXpaL7UjkFQLdmW5fHadoKbdHpwH9vSR8EyTJFHJs++tA==}
    engines: {node: '>=14.0.0'}
    requiresBuild: true
    dependencies:
      '@smithy/util-buffer-from': 2.0.0
      tslib: 2.5.0
    dev: false
    optional: true

  /@smithy/util-body-length-browser@2.0.0:
    resolution: {integrity: sha512-JdDuS4ircJt+FDnaQj88TzZY3+njZ6O+D3uakS32f2VNnDo3vyEuNdBOh/oFd8Df1zSZOuH1HEChk2AOYDezZg==}
    requiresBuild: true
    dependencies:
      tslib: 2.5.0
    dev: false
    optional: true

  /@smithy/util-body-length-node@2.0.0:
    resolution: {integrity: sha512-ZV7Z/WHTMxHJe/xL/56qZwSUcl63/5aaPAGjkfynJm4poILjdD4GmFI+V+YWabh2WJIjwTKZ5PNsuvPQKt93Mg==}
    engines: {node: '>=14.0.0'}
    requiresBuild: true
    dependencies:
      tslib: 2.5.0
    dev: false
    optional: true

  /@smithy/util-buffer-from@2.0.0:
    resolution: {integrity: sha512-/YNnLoHsR+4W4Vf2wL5lGv0ksg8Bmk3GEGxn2vEQt52AQaPSCuaO5PM5VM7lP1K9qHRKHwrPGktqVoAHKWHxzw==}
    engines: {node: '>=14.0.0'}
    requiresBuild: true
    dependencies:
      '@smithy/is-array-buffer': 2.0.0
      tslib: 2.5.0
    dev: false
    optional: true

  /@smithy/util-config-provider@2.0.0:
    resolution: {integrity: sha512-xCQ6UapcIWKxXHEU4Mcs2s7LcFQRiU3XEluM2WcCjjBtQkUN71Tb+ydGmJFPxMUrW/GWMgQEEGipLym4XG0jZg==}
    engines: {node: '>=14.0.0'}
    requiresBuild: true
    dependencies:
      tslib: 2.5.0
    dev: false
    optional: true

  /@smithy/util-defaults-mode-browser@2.0.4:
    resolution: {integrity: sha512-wGdnPt4Ng72duUd97HrlqVkq6DKVB/yjaGkSg5n3uuQKzzHjoi3OdjXGumD/VYPHz0dYd7wpLNG2CnMm/nfDrg==}
    engines: {node: '>= 10.0.0'}
    requiresBuild: true
    dependencies:
      '@smithy/property-provider': 2.0.4
      '@smithy/types': 2.2.1
      bowser: 2.11.0
      tslib: 2.5.0
    dev: false
    optional: true

  /@smithy/util-defaults-mode-node@2.0.4:
    resolution: {integrity: sha512-QMkNcV6x52BeeeIvhvow6UmOu7nP7DXQljY6DKOP/aAokrli53IWTP/kUTd9B0Mp9tbW3WC10O6zaM69xiMNYw==}
    engines: {node: '>= 10.0.0'}
    requiresBuild: true
    dependencies:
      '@smithy/config-resolver': 2.0.4
      '@smithy/credential-provider-imds': 2.0.4
      '@smithy/node-config-provider': 2.0.4
      '@smithy/property-provider': 2.0.4
      '@smithy/types': 2.2.1
      tslib: 2.5.0
    dev: false
    optional: true

  /@smithy/util-hex-encoding@2.0.0:
    resolution: {integrity: sha512-c5xY+NUnFqG6d7HFh1IFfrm3mGl29lC+vF+geHv4ToiuJCBmIfzx6IeHLg+OgRdPFKDXIw6pvi+p3CsscaMcMA==}
    engines: {node: '>=14.0.0'}
    requiresBuild: true
    dependencies:
      tslib: 2.5.0
    dev: false
    optional: true

  /@smithy/util-middleware@2.0.0:
    resolution: {integrity: sha512-eCWX4ECuDHn1wuyyDdGdUWnT4OGyIzV0LN1xRttBFMPI9Ff/4heSHVxneyiMtOB//zpXWCha1/SWHJOZstG7kA==}
    engines: {node: '>=14.0.0'}
    requiresBuild: true
    dependencies:
      tslib: 2.5.0
    dev: false
    optional: true

  /@smithy/util-retry@2.0.0:
    resolution: {integrity: sha512-/dvJ8afrElasuiiIttRJeoS2sy8YXpksQwiM/TcepqdRVp7u4ejd9C4IQURHNjlfPUT7Y6lCDSa2zQJbdHhVTg==}
    engines: {node: '>= 14.0.0'}
    requiresBuild: true
    dependencies:
      '@smithy/service-error-classification': 2.0.0
      tslib: 2.5.0
    dev: false
    optional: true

  /@smithy/util-stream@2.0.4:
    resolution: {integrity: sha512-ZVje79afuv3DB1Ma/g5m/5v9Zda8nA0xNgvE1pOD3EnoTp/Ekch1z20AN6gfVsf7JYWK2VSMVDiqI9N8Ua4wbg==}
    engines: {node: '>=14.0.0'}
    requiresBuild: true
    dependencies:
      '@smithy/fetch-http-handler': 2.0.4
      '@smithy/node-http-handler': 2.0.4
      '@smithy/types': 2.2.1
      '@smithy/util-base64': 2.0.0
      '@smithy/util-buffer-from': 2.0.0
      '@smithy/util-hex-encoding': 2.0.0
      '@smithy/util-utf8': 2.0.0
      tslib: 2.5.0
    dev: false
    optional: true

  /@smithy/util-uri-escape@2.0.0:
    resolution: {integrity: sha512-ebkxsqinSdEooQduuk9CbKcI+wheijxEb3utGXkCoYQkJnwTnLbH1JXGimJtUkQwNQbsbuYwG2+aFVyZf5TLaw==}
    engines: {node: '>=14.0.0'}
    requiresBuild: true
    dependencies:
      tslib: 2.5.0
    dev: false
    optional: true

  /@smithy/util-utf8@2.0.0:
    resolution: {integrity: sha512-rctU1VkziY84n5OXe3bPNpKR001ZCME2JCaBBFgtiM2hfKbHFudc/BkMuPab8hRbLd0j3vbnBTTZ1igBf0wgiQ==}
    engines: {node: '>=14.0.0'}
    requiresBuild: true
    dependencies:
      '@smithy/util-buffer-from': 2.0.0
      tslib: 2.5.0
    dev: false
    optional: true

  /@types/node@20.5.1:
    resolution: {integrity: sha512-4tT2UrL5LBqDwoed9wZ6N3umC4Yhz3W3FloMmiiG4JwmUJWpie0c7lcnUNd4gtMKuDEO4wRVS8B6Xa0uMRsMKg==}

  /@types/webidl-conversions@7.0.0:
    resolution: {integrity: sha512-xTE1E+YF4aWPJJeUzaZI5DRntlkY3+BCVJi0axFptnjGmAoWxkyREIh/XMrfxVLejwQxMCfDXdICo0VLxThrog==}
    dev: false

  /@types/whatwg-url@8.2.2:
    resolution: {integrity: sha512-FtQu10RWgn3D9U4aazdwIE2yzphmTJREDqNdODHrbrZmmMqI0vMheC/6NE/J1Yveaj8H+ela+YwWTjq5PGmuhA==}
    dependencies:
      '@types/node': 20.5.1
      '@types/webidl-conversions': 7.0.0
    dev: false

  /@types/ws@8.5.5:
    resolution: {integrity: sha512-lwhs8hktwxSjf9UaZ9tG5M03PGogvFaH8gUgLNbN9HKIg0dvv6q+gkSuJ8HN4/VbyxkuLzCjlN7GquQ0gUJfIg==}
    dependencies:
      '@types/node': 20.5.1
    dev: false

  /@vladfrangu/async_event_emitter@2.2.2:
    resolution: {integrity: sha512-HIzRG7sy88UZjBJamssEczH5q7t5+axva19UbZLO6u0ySbYPrwzWiXBcC0WuHyhKKoeCyneH+FvYzKQq/zTtkQ==}
    engines: {node: '>=v14.0.0', npm: '>=7.0.0'}
    dev: false

  /base64-js@1.5.1:
    resolution: {integrity: sha512-AKpaYlHn8t4SVbOHCy+b5+KKgvR4vrsD8vbvrbiQJps7fKDTkjkDry6ji0rUJjC0kzbNePLwzxq8iypo41qeWA==}
    dev: false

  /bowser@2.11.0:
    resolution: {integrity: sha512-AlcaJBi/pqqJBIQ8U9Mcpc9i8Aqxn88Skv5d+xBX006BY5u8N3mGLHa5Lgppa7L/HfwgwLgZ6NYs+Ag6uUmJRA==}
    requiresBuild: true
    dev: false
    optional: true

  /bson@4.7.2:
    resolution: {integrity: sha512-Ry9wCtIZ5kGqkJoi6aD8KjxFZEx78guTQDnpXWiNthsxzrxAK/i8E6pCHAIZTbaEFWcOCvbecMukfK7XUvyLpQ==}
    engines: {node: '>=6.9.0'}
    dependencies:
      buffer: 5.7.1
    dev: false

  /buffer@5.7.1:
    resolution: {integrity: sha512-EHcyIPBQ4BSGlvjB16k5KgAJ27CIsHY/2JBmCRReo48y9rQ3MaUzWX3KVlBa4U7MyX02HdVj0K7C3WaB3ju7FQ==}
    dependencies:
      base64-js: 1.5.1
      ieee754: 1.2.1
    dev: false

  /busboy@1.6.0:
    resolution: {integrity: sha512-8SFQbg/0hQ9xy3UNTB0YEnsNBbWfhf7RtnzpL7TkBiTBRfrQ9Fxcnz7VJsleJpyp6rVLvXiuORqjlHi5q+PYuA==}
    engines: {node: '>=10.16.0'}
    dependencies:
      streamsearch: 1.1.0
    dev: false

  /debug@4.3.4:
    resolution: {integrity: sha512-PRWFHuSU3eDtQJPvnNY7Jcket1j0t5OuOsFzPPzsekD52Zl8qUfFIPEiswXqIvHWGVHOgX+7G/vCNNhehwxfkQ==}
    engines: {node: '>=6.0'}
    peerDependencies:
      supports-color: '*'
    peerDependenciesMeta:
      supports-color:
        optional: true
    dependencies:
      ms: 2.1.2
    dev: false

  /discord-api-types@0.37.50:
    resolution: {integrity: sha512-X4CDiMnDbA3s3RaUXWXmgAIbY1uxab3fqe3qwzg5XutR3wjqi7M3IkgQbsIBzpqBN2YWr/Qdv7JrFRqSgb4TFg==}
    dev: false

  /discord.js@14.13.0:
    resolution: {integrity: sha512-Kufdvg7fpyTEwANGy9x7i4od4yu5c6gVddGi5CKm4Y5a6sF0VBODObI3o0Bh7TGCj0LfNT8Qp8z04wnLFzgnbA==}
    engines: {node: '>=16.11.0'}
    dependencies:
      '@discordjs/builders': 1.6.5
      '@discordjs/collection': 1.5.3
      '@discordjs/formatters': 0.3.2
      '@discordjs/rest': 2.0.1
      '@discordjs/util': 1.0.1
      '@discordjs/ws': 1.0.1
      '@sapphire/snowflake': 3.5.1
      '@types/ws': 8.5.5
      discord-api-types: 0.37.50
      fast-deep-equal: 3.1.3
      lodash.snakecase: 4.1.1
      tslib: 2.6.2
      undici: 5.22.1
      ws: 8.13.0
    transitivePeerDependencies:
      - bufferutil
      - utf-8-validate
    dev: false

  /dotenv@16.3.1:
    resolution: {integrity: sha512-IPzF4w4/Rd94bA9imS68tZBaYyBWSCE47V1RGuMrB94iyTOIEwRmVL2x/4An+6mETpLrKJ5hQkB8W4kFAadeIQ==}
    engines: {node: '>=12'}
    dev: false

  /fast-deep-equal@3.1.3:
    resolution: {integrity: sha512-f3qQ9oQy9j2AhBe/H9VC91wLmKBCCU/gDOnKNAYG5hswO7BLKj09Hc5HYNz9cGI++xlpDCIgDaitVs03ATR84Q==}
    dev: false

  /fast-xml-parser@4.2.5:
    resolution: {integrity: sha512-B9/wizE4WngqQftFPmdaMYlXoJlJOYxGQOanC77fq9k8+Z0v5dDSVh+3glErdIROP//s/jgb7ZuxKfB8nVyo0g==}
    hasBin: true
    requiresBuild: true
    dependencies:
      strnum: 1.0.5
    dev: false
    optional: true

  /ieee754@1.2.1:
    resolution: {integrity: sha512-dcyqhDvX1C46lXZcVqCpK+FtMRQVdIMN6/Df5js2zouUsqG7I6sFxitIC+7KYK29KdXOLHdu9zL4sFnoVQnqaA==}
    dev: false

  /ip@2.0.0:
    resolution: {integrity: sha512-WKa+XuLG1A1R0UWhl2+1XQSi+fZWMsYKffMZTTYsiZaUD8k2yDAj5atimTUD2TZkyCkNEeYE5NhFZmupOGtjYQ==}
    dev: false

  /kareem@2.5.1:
    resolution: {integrity: sha512-7jFxRVm+jD+rkq3kY0iZDJfsO2/t4BBPeEb2qKn2lR/9KhuksYk5hxzfRYWMPV8P/x2d0kHD306YyWLzjjH+uA==}
    engines: {node: '>=12.0.0'}
    dev: false

  /lodash.snakecase@4.1.1:
    resolution: {integrity: sha512-QZ1d4xoBHYUeuouhEq3lk3Uq7ldgyFXGBhg04+oRLnIz8o9T65Eh+8YdroUwn846zchkA9yDsDl5CVVaV2nqYw==}
    dev: false

  /lodash@4.17.21:
    resolution: {integrity: sha512-v2kDEe57lecTulaDIuNTPy3Ry4gLGJ6Z1O3vE1krgXZNrsQ+LFTGHVxVjcXPs17LhbZVGedAJv8XZ1tvj5FvSg==}
    dev: false

  /magic-bytes.js@1.0.15:
    resolution: {integrity: sha512-bpRmwbRHqongRhA+mXzbLWjVy7ylqmfMBYaQkSs6pac0z6hBTvsgrH0r4FBYd/UYVJBmS6Rp/O+oCCQVLzKV1g==}
    dev: false

  /memory-pager@1.5.0:
    resolution: {integrity: sha512-ZS4Bp4r/Zoeq6+NLJpP+0Zzm0pR8whtGPf1XExKLJBAczGMnSi3It14OiNCStjQjM6NU1okjQGSxgEZN8eBYKg==}
    requiresBuild: true
    dev: false
    optional: true

  /mongodb-connection-string-url@2.6.0:
    resolution: {integrity: sha512-WvTZlI9ab0QYtTYnuMLgobULWhokRjtC7db9LtcVfJ+Hsnyr5eo6ZtNAt3Ly24XZScGMelOcGtm7lSn0332tPQ==}
    dependencies:
      '@types/whatwg-url': 8.2.2
      whatwg-url: 11.0.0
    dev: false

  /mongodb@4.16.0:
    resolution: {integrity: sha512-0EB113Fsucaq1wsY0dOhi1fmZOwFtLOtteQkiqOXGklvWMnSH3g2QS53f0KTP+/6qOkuoXE2JksubSZNmxeI+g==}
    engines: {node: '>=12.9.0'}
    dependencies:
      bson: 4.7.2
      mongodb-connection-string-url: 2.6.0
      socks: 2.7.1
    optionalDependencies:
      '@aws-sdk/credential-providers': 3.395.0
      saslprep: 1.0.3
    transitivePeerDependencies:
      - aws-crt
    dev: false

  /mongoose@6.11.6:
    resolution: {integrity: sha512-CuVbeJrEbnxkPUNNFvXJhjVyqa5Ip7lkz6EJX6g7Lb3aFMTJ+LHOlUrncxzC3r20dqasaVIiwcA6Y5qC8PWQ7w==}
    engines: {node: '>=12.0.0'}
    dependencies:
      bson: 4.7.2
      kareem: 2.5.1
      mongodb: 4.16.0
      mpath: 0.9.0
      mquery: 4.0.3
      ms: 2.1.3
      sift: 16.0.1
    transitivePeerDependencies:
      - aws-crt
      - supports-color
    dev: false

  /mpath@0.9.0:
    resolution: {integrity: sha512-ikJRQTk8hw5DEoFVxHG1Gn9T/xcjtdnOKIU1JTmGjZZlg9LST2mBLmcX3/ICIbgJydT2GOc15RnNy5mHmzfSew==}
    engines: {node: '>=4.0.0'}
    dev: false

  /mquery@4.0.3:
    resolution: {integrity: sha512-J5heI+P08I6VJ2Ky3+33IpCdAvlYGTSUjwTPxkAr8i8EoduPMBX2OY/wa3IKZIQl7MU4SbFk8ndgSKyB/cl1zA==}
    engines: {node: '>=12.0.0'}
    dependencies:
      debug: 4.3.4
    transitivePeerDependencies:
      - supports-color
    dev: false

  /ms@2.1.2:
    resolution: {integrity: sha512-sGkPx+VjMtmA6MX27oA4FBFELFCZZ4S4XqeGOXCv68tT+jb3vk/RyaKWP0PTKyWtmLSM0b+adUTEvbs1PEaH2w==}
    dev: false

  /ms@2.1.3:
    resolution: {integrity: sha512-6FlzubTLZG3J2a/NVCAleEhjzq5oxgHyaCU9yYXvcLsvoVaHJq/s5xXI6/XXP6tz7R9xAOtHnSO/tXtF3WRTlA==}
    dev: false

  /punycode@2.1.1:
    resolution: {integrity: sha512-XRsRjdf+j5ml+y/6GKHPZbrF/8p2Yga0JPtdqTIY2Xe5ohJPD9saDJJLPvp9+NSBprVvevdXZybnj2cv8OEd0A==}
    engines: {node: '>=6'}
    dev: false

  /saslprep@1.0.3:
    resolution: {integrity: sha512-/MY/PEMbk2SuY5sScONwhUDsV2p77Znkb/q3nSVstq/yQzYJOH/Azh29p9oJLsl3LnQwSvZDKagDGBsBwSooag==}
    engines: {node: '>=6'}
    requiresBuild: true
    dependencies:
      sparse-bitfield: 3.0.3
    dev: false
    optional: true

  /sift@16.0.1:
    resolution: {integrity: sha512-Wv6BjQ5zbhW7VFefWusVP33T/EM0vYikCaQ2qR8yULbsilAT8/wQaXvuQ3ptGLpoKx+lihJE3y2UTgKDyyNHZQ==}
    dev: false

  /smart-buffer@4.2.0:
    resolution: {integrity: sha512-94hK0Hh8rPqQl2xXc3HsaBoOXKV20MToPkcXvwbISWLEs+64sBq5kFgn2kJDHb1Pry9yrP0dxrCI9RRci7RXKg==}
    engines: {node: '>= 6.0.0', npm: '>= 3.0.0'}
    dev: false

  /socks@2.7.1:
    resolution: {integrity: sha512-7maUZy1N7uo6+WVEX6psASxtNlKaNVMlGQKkG/63nEDdLOWNbiUMoLK7X4uYoLhQstau72mLgfEWcXcwsaHbYQ==}
    engines: {node: '>= 10.13.0', npm: '>= 3.0.0'}
    dependencies:
      ip: 2.0.0
      smart-buffer: 4.2.0
    dev: false

  /sparse-bitfield@3.0.3:
    resolution: {integrity: sha512-kvzhi7vqKTfkh0PZU+2D2PIllw2ymqJKujUcyPMd9Y75Nv4nPbGJZXNhxsgdQab2BmlDct1YnfQCguEvHr7VsQ==}
    requiresBuild: true
    dependencies:
      memory-pager: 1.5.0
    dev: false
    optional: true

  /streamsearch@1.1.0:
    resolution: {integrity: sha512-Mcc5wHehp9aXz1ax6bZUyY5afg9u2rv5cqQI3mRrYkGC8rW2hM02jWuwjtL++LS5qinSyhj2QfLyNsuc+VsExg==}
    engines: {node: '>=10.0.0'}
    dev: false

  /strnum@1.0.5:
    resolution: {integrity: sha512-J8bbNyKKXl5qYcR36TIO8W3mVGVHrmmxsd5PAItGkmyzwJvybiw2IVq5nqd0i4LSNSkB/sx9VHllbfFdr9k1JA==}
    requiresBuild: true
    dev: false
    optional: true

  /tr46@3.0.0:
    resolution: {integrity: sha512-l7FvfAHlcmulp8kr+flpQZmVwtu7nfRV7NZujtN0OqES8EL4O4e0qqzL0DC5gAvx/ZC/9lk6rhcUwYvkBnBnYA==}
    engines: {node: '>=12'}
    dependencies:
      punycode: 2.1.1
    dev: false

  /ts-mixer@6.0.3:
    resolution: {integrity: sha512-k43M7uCG1AkTyxgnmI5MPwKoUvS/bRvLvUb7+Pgpdlmok8AoqmUaZxUUw8zKM5B1lqZrt41GjYgnvAi0fppqgQ==}
    dev: false

  /tslib@1.14.1:
    resolution: {integrity: sha512-Xni35NKzjgMrwevysHTCArtLDpPvye8zV/0E4EyYn43P7/7qvQwPh9BGkHewbMulVntbigmcT7rdX3BNo9wRJg==}
    requiresBuild: true
    dev: false
    optional: true

  /tslib@2.5.0:
    resolution: {integrity: sha512-336iVw3rtn2BUK7ORdIAHTyxHGRIHVReokCR3XjbckJMK7ms8FysBfhLR8IXnAgy7T0PTPNBWKiH514FOW/WSg==}
    requiresBuild: true
    dev: false
    optional: true

  /tslib@2.6.2:
    resolution: {integrity: sha512-AEYxH93jGFPn/a2iVAwW87VuUIkR1FVUKB77NwMF7nBTDkDrrT/Hpt/IrCJ0QXhW27jTBDcf5ZY7w6RiqTMw2Q==}
    dev: false

  /typescript@5.1.6:
    resolution: {integrity: sha512-zaWCozRZ6DLEWAWFrVDz1H6FVXzUSfTy5FUMWsQlU8Ym5JP9eO4xkTIROFCQvhQf61z6O/G6ugw3SgAnvvm+HA==}
    engines: {node: '>=14.17'}
    hasBin: true
    dev: true

  /undici@5.22.1:
    resolution: {integrity: sha512-Ji2IJhFXZY0x/0tVBXeQwgPlLWw13GVzpsWPQ3rV50IFMMof2I55PZZxtm4P6iNq+L5znYN9nSTAq0ZyE6lSJw==}
    engines: {node: '>=14.0'}
    dependencies:
      busboy: 1.6.0
    dev: false

  /uuid@8.3.2:
    resolution: {integrity: sha512-+NYs2QeMWy+GWFOEm9xnn6HCDp0l7QBD7ml8zLUmJ+93Q5NF0NocErnwkTkXVFNiX3/fpC6afS8Dhb/gz7R7eg==}
    hasBin: true
    requiresBuild: true
    dev: false
    optional: true

  /webidl-conversions@7.0.0:
    resolution: {integrity: sha512-VwddBukDzu71offAQR975unBIGqfKZpM+8ZX6ySk8nYhVoo5CYaZyzt3YBvYtRtO+aoGlqxPg/B87NGVZ/fu6g==}
    engines: {node: '>=12'}
    dev: false

  /whatwg-url@11.0.0:
    resolution: {integrity: sha512-RKT8HExMpoYx4igMiVMY83lN6UeITKJlBQ+vR/8ZJ8OCdSiN3RwCq+9gH0+Xzj0+5IrM6i4j/6LuvzbZIQgEcQ==}
    engines: {node: '>=12'}
    dependencies:
      tr46: 3.0.0
      webidl-conversions: 7.0.0
    dev: false

  /ws@8.13.0:
    resolution: {integrity: sha512-x9vcZYTrFPC7aSIbj7sRCYo7L/Xb8Iy+pW0ng0wt2vCJv7M9HOMy0UoN3rr+IFC7hb7vXoqS+P9ktyLLLhO+LA==}
    engines: {node: '>=10.0.0'}
    peerDependencies:
      bufferutil: ^4.0.1
      utf-8-validate: '>=5.0.2'
    peerDependenciesMeta:
      bufferutil:
        optional: true
      utf-8-validate:
        optional: true
    dev: false
